
Microsoft Visual Studio Solution File, Format Version 12.00
# Visual Studio Version 16
VisualStudioVersion = 16.0.34031.81
MinimumVisualStudioVersion = 10.0.40219.1
Project("{2150E333-8FDC-42A3-9474-1A3956D46DE8}") = "Task0", "Task0", "{975DE1DC-A33E-4E92-A680-6A3D3D1F2C26}"
EndProject
Project("{FAE04EC0-301F-11D3-BF4B-00C04F79EFBC}") = "Tyuiu.AvaevaPD.Sprint4.Task0.V4", "Tyuiu.AvaevaPD.Sprint4.Task0.V4\Tyuiu.AvaevaPD.Sprint4.Task0.V4.csproj", "{A5C588C3-5834-4B89-8744-D1F98DD46F50}"
EndProject
Project("{FAE04EC0-301F-11D3-BF4B-00C04F79EFBC}") = "Tyuiu.AvaevaPD.Sprint4.Task0.V4.Lib", "Tyuiu.AvaevaPD.Sprint4.Task0.V4.Lib\Tyuiu.AvaevaPD.Sprint4.Task0.V4.Lib.csproj", "{FA382E31-63A0-4646-A5F0-1EA60FFC9533}"
EndProject
Project("{FAE04EC0-301F-11D3-BF4B-00C04F79EFBC}") = "Tyuiu.AvaevaPD.Sprint4.Task0.V4.Test", "Tyuiu.AvaevaPD.Sprint4.Task0.V4.Test\Tyuiu.AvaevaPD.Sprint4.Task0.V4.Test.csproj", "{79F956B1-5403-411D-91B0-D3CD64953059}"
EndProject
Project("{2150E333-8FDC-42A3-9474-1A3956D46DE8}") = "Task1", "Task1", "{147F6A1D-6B87-444C-AD6C-9DDDE44F4FEA}"
EndProject
Project("{FAE04EC0-301F-11D3-BF4B-00C04F79EFBC}") = "Tyuiu.AvaevaPD.Sprint4.Task1.V22", "Tyuiu.AvaevaPD.Sprint4.Task1.V22\Tyuiu.AvaevaPD.Sprint4.Task1.V22.csproj", "{95500DA0-6486-43F8-BC07-AC9C7EC86695}"
EndProject
Project("{FAE04EC0-301F-11D3-BF4B-00C04F79EFBC}") = "Tyuiu.AvaevaPD.Sprint4.Task1.V22.Lib", "Tyuiu.AvaevaPD.Sprint4.Task1.V22.Lib\Tyuiu.AvaevaPD.Sprint4.Task1.V22.Lib.csproj", "{644C0EFD-A52E-4E62-B98F-C4A224EEA80B}"
EndProject
Project("{FAE04EC0-301F-11D3-BF4B-00C04F79EFBC}") = "Tyuiu.AvaevaPD.Sprint4.Task1.V22.Test", "Tyuiu.AvaevaPD.Sprint4.Task1.V22.Test\Tyuiu.AvaevaPD.Sprint4.Task1.V22.Test.csproj", "{1A979A68-08C6-4BDC-B5FA-30871801C16D}"
EndProject
Project("{2150E333-8FDC-42A3-9474-1A3956D46DE8}") = "Task2", "Task2", "{CB294148-9D04-4E4D-A1A3-A734BF9F3F61}"
EndProject
Project("{FAE04EC0-301F-11D3-BF4B-00C04F79EFBC}") = "Tyuiu.AvaevaPD.Sprint4.Task2.V4", "Tyuiu.AvaevaPD.Sprint4.Task2.V4\Tyuiu.AvaevaPD.Sprint4.Task2.V4.csproj", "{00553D31-089F-4608-A3CB-7F232C85B002}"
EndProject
Project("{FAE04EC0-301F-11D3-BF4B-00C04F79EFBC}") = "Tyuiu.AvaevaPD.Sprint4.Task2.V4.Lib", "Tyuiu.AvaevaPD.Sprint4.Task2.V4.Lib\Tyuiu.AvaevaPD.Sprint4.Task2.V4.Lib.csproj", "{EFAE8467-ECC9-4D7A-8C2E-766DEEB189E6}"
EndProject
Project("{FAE04EC0-301F-11D3-BF4B-00C04F79EFBC}") = "Tyuiu.AvaevaPD.Sprint4.Task2.V4.Test", "Tyuiu.AvaevaPD.Sprint4.Task2.V4.Test\Tyuiu.AvaevaPD.Sprint4.Task2.V4.Test.csproj", "{DFB26C0F-DCEE-4A38-A530-93BA20EBAAE8}"
EndProject
Project("{2150E333-8FDC-42A3-9474-1A3956D46DE8}") = "Task3", "Task3", "{FDE65BC5-ED4E-4899-8A56-FC8CD7AB5775}"
EndProject
Project("{FAE04EC0-301F-11D3-BF4B-00C04F79EFBC}") = "Tyuiu.AvaevaPD.Sprint4.Task3.V27", "Tyuiu.AvaevaPD.Sprint4.Task3.V27\Tyuiu.AvaevaPD.Sprint4.Task3.V27.csproj", "{8C9B9C16-E92B-4F8B-ABF8-358C4939F970}"
EndProject
Project("{FAE04EC0-301F-11D3-BF4B-00C04F79EFBC}") = "Tyuiu.AvaevaPD.Sprint4.Task3.V27.Lib", "Tyuiu.AvaevaPD.Sprint4.Task3.V27.Lib\Tyuiu.AvaevaPD.Sprint4.Task3.V27.Lib.csproj", "{C62C47B5-B03A-494E-AAA8-DB2B7F46C036}"
EndProject
Project("{FAE04EC0-301F-11D3-BF4B-00C04F79EFBC}") = "Tyuiu.AvaevaPD.Sprint4.Task3.V27.Test", "Tyuiu.AvaevaPD.Sprint4.Task3.V27.Test\Tyuiu.AvaevaPD.Sprint4.Task3.V27.Test.csproj", "{3F7E671F-DA2C-4A79-A7D2-99E1840F923E}"
EndProject
Project("{2150E333-8FDC-42A3-9474-1A3956D46DE8}") = "Task4", "Task4", "{EB2F3FEE-15BA-45E1-8701-E9430A157BC5}"
EndProject
Project("{FAE04EC0-301F-11D3-BF4B-00C04F79EFBC}") = "Tyuiu.AvaevaPD.Sprint4.Task4.V7", "Tyuiu.AvaevaPD.Sprint4.Task4.V7\Tyuiu.AvaevaPD.Sprint4.Task4.V7.csproj", "{AE33BF5D-670E-41D3-A4EC-971502503DB2}"
EndProject
Project("{FAE04EC0-301F-11D3-BF4B-00C04F79EFBC}") = "Tyuiu.AvaevaPD.Sprint4.Task4.V7.Lib", "Tyuiu.AvaevaPD.Sprint4.Task4.V7.Lib\Tyuiu.AvaevaPD.Sprint4.Task4.V7.Lib.csproj", "{0D10E55B-3FFF-4FA2-9C05-E9AC57B794A7}"
EndProject
Project("{FAE04EC0-301F-11D3-BF4B-00C04F79EFBC}") = "Tyuiu.AvaevaPD.Sprint4.Task4.V7.Test", "Tyuiu.AvaevaPD.Sprint4.Task4.V7.Test\Tyuiu.AvaevaPD.Sprint4.Task4.V7.Test.csproj", "{3F66D112-6AFE-411F-AFD3-56A4208C7D65}"
EndProject
Project("{2150E333-8FDC-42A3-9474-1A3956D46DE8}") = "Task5", "Task5", "{0FD06796-02F1-4DF1-AD47-0E2A97F7176F}"
EndProject
Project("{FAE04EC0-301F-11D3-BF4B-00C04F79EFBC}") = "Tyuiu.AvaevaPD.Sprint4.Task5.V22", "Tyuiu.AvaevaPD.Sprint4.Task5.V22\Tyuiu.AvaevaPD.Sprint4.Task5.V22.csproj", "{BBF9CA6A-390F-4682-AD15-6BF766E7520A}"
EndProject
Project("{FAE04EC0-301F-11D3-BF4B-00C04F79EFBC}") = "Tyuiu.AvaevaPD.Sprint4.Task5.V22.Lib", "Tyuiu.AvaevaPD.Sprint4.Task5.V22.Lib\Tyuiu.AvaevaPD.Sprint4.Task5.V22.Lib.csproj", "{B9618F54-5B4C-49E8-8113-28B985BEC05B}"
EndProject
Project("{FAE04EC0-301F-11D3-BF4B-00C04F79EFBC}") = "Tyuiu.AvaevaPD.Sprint4.Task5.V22.Test", "Tyuiu.AvaevaPD.Sprint4.Task5.V22.Test\Tyuiu.AvaevaPD.Sprint4.Task5.V22.Test.csproj", "{647ABEE2-BA91-45EA-9DCE-EA42171AB655}"
EndProject
Project("{2150E333-8FDC-42A3-9474-1A3956D46DE8}") = "Task6", "Task6", "{CF8380AE-F44F-4BA2-945A-EC82A7E8CB72}"
EndProject
Project("{FAE04EC0-301F-11D3-BF4B-00C04F79EFBC}") = "Tyuiu.AvaevaPD.Sprint4.Task6.V8", "Tyuiu.AvaevaPD.Sprint4.Task6.V8\Tyuiu.AvaevaPD.Sprint4.Task6.V8.csproj", "{35A9DD7F-D6D7-40AC-A97C-31B4CF190D97}"
EndProject
Project("{FAE04EC0-301F-11D3-BF4B-00C04F79EFBC}") = "Tyuiu.AvaevaPD.Sprint4.Task6.V8.Lib", "Tyuiu.AvaevaPD.Sprint4.Task6.V8.Lib\Tyuiu.AvaevaPD.Sprint4.Task6.V8.Lib.csproj", "{4BAB03E3-0966-4944-BAAE-65A33345677B}"
EndProject
Project("{FAE04EC0-301F-11D3-BF4B-00C04F79EFBC}") = "Tyuiu.AvaevaPD.Sprint4.Task6.V8.Test", "Tyuiu.AvaevaPD.Sprint4.Task6.V8.Test\Tyuiu.AvaevaPD.Sprint4.Task6.V8.Test.csproj", "{090861E9-7CA8-4A12-A8C7-B5A6AE370FF2}"
EndProject
Project("{2150E333-8FDC-42A3-9474-1A3956D46DE8}") = "NewFolder1", "NewFolder1", "{23901905-AB97-409C-8C20-1EAFF720806D}"
EndProject
Project("{FAE04EC0-301F-11D3-BF4B-00C04F79EFBC}") = "Tyuiu.AvaevaPD.Sprint4.Task7.V14", "Tyuiu.AvaevaPD.Sprint4.Task7.V14\Tyuiu.AvaevaPD.Sprint4.Task7.V14.csproj", "{B1365225-42B9-4C51-9ED2-FF643AC187BB}"
EndProject
Project("{FAE04EC0-301F-11D3-BF4B-00C04F79EFBC}") = "Tyuiu.AvaevaPD.Sprint4.Task7.V14.Lib", "Tyuiu.AvaevaPD.Sprint4.Task7.V14.Lib\Tyuiu.AvaevaPD.Sprint4.Task7.V14.Lib.csproj", "{A9253830-F6DD-4AC8-8C88-2B9CE37F21FA}"
EndProject
Project("{FAE04EC0-301F-11D3-BF4B-00C04F79EFBC}") = "Tyuiu.AvaevaPD.Sprint4.Task7.V14.Test", "Tyuiu.AvaevaPD.Sprint4.Task7.V14.Test\Tyuiu.AvaevaPD.Sprint4.Task7.V14.Test.csproj", "{447BF745-77E9-4EA7-AA28-E30A926872D6}"
EndProject
Global
	GlobalSection(SolutionConfigurationPlatforms) = preSolution
		Debug|Any CPU = Debug|Any CPU
		Release|Any CPU = Release|Any CPU
	EndGlobalSection
	GlobalSection(ProjectConfigurationPlatforms) = postSolution
		{A5C588C3-5834-4B89-8744-D1F98DD46F50}.Debug|Any CPU.ActiveCfg = Debug|Any CPU
		{A5C588C3-5834-4B89-8744-D1F98DD46F50}.Debug|Any CPU.Build.0 = Debug|Any CPU
		{A5C588C3-5834-4B89-8744-D1F98DD46F50}.Release|Any CPU.ActiveCfg = Release|Any CPU
		{A5C588C3-5834-4B89-8744-D1F98DD46F50}.Release|Any CPU.Build.0 = Release|Any CPU
		{FA382E31-63A0-4646-A5F0-1EA60FFC9533}.Debug|Any CPU.ActiveCfg = Debug|Any CPU
		{FA382E31-63A0-4646-A5F0-1EA60FFC9533}.Debug|Any CPU.Build.0 = Debug|Any CPU
		{FA382E31-63A0-4646-A5F0-1EA60FFC9533}.Release|Any CPU.ActiveCfg = Release|Any CPU
		{FA382E31-63A0-4646-A5F0-1EA60FFC9533}.Release|Any CPU.Build.0 = Release|Any CPU
		{79F956B1-5403-411D-91B0-D3CD64953059}.Debug|Any CPU.ActiveCfg = Debug|Any CPU
		{79F956B1-5403-411D-91B0-D3CD64953059}.Debug|Any CPU.Build.0 = Debug|Any CPU
		{79F956B1-5403-411D-91B0-D3CD64953059}.Release|Any CPU.ActiveCfg = Release|Any CPU
		{79F956B1-5403-411D-91B0-D3CD64953059}.Release|Any CPU.Build.0 = Release|Any CPU
		{95500DA0-6486-43F8-BC07-AC9C7EC86695}.Debug|Any CPU.ActiveCfg = Debug|Any CPU
		{95500DA0-6486-43F8-BC07-AC9C7EC86695}.Debug|Any CPU.Build.0 = Debug|Any CPU
		{95500DA0-6486-43F8-BC07-AC9C7EC86695}.Release|Any CPU.ActiveCfg = Release|Any CPU
		{95500DA0-6486-43F8-BC07-AC9C7EC86695}.Release|Any CPU.Build.0 = Release|Any CPU
		{644C0EFD-A52E-4E62-B98F-C4A224EEA80B}.Debug|Any CPU.ActiveCfg = Debug|Any CPU
		{644C0EFD-A52E-4E62-B98F-C4A224EEA80B}.Debug|Any CPU.Build.0 = Debug|Any CPU
		{644C0EFD-A52E-4E62-B98F-C4A224EEA80B}.Release|Any CPU.ActiveCfg = Release|Any CPU
		{644C0EFD-A52E-4E62-B98F-C4A224EEA80B}.Release|Any CPU.Build.0 = Release|Any CPU
		{1A979A68-08C6-4BDC-B5FA-30871801C16D}.Debug|Any CPU.ActiveCfg = Debug|Any CPU
		{1A979A68-08C6-4BDC-B5FA-30871801C16D}.Debug|Any CPU.Build.0 = Debug|Any CPU
		{1A979A68-08C6-4BDC-B5FA-30871801C16D}.Release|Any CPU.ActiveCfg = Release|Any CPU
		{1A979A68-08C6-4BDC-B5FA-30871801C16D}.Release|Any CPU.Build.0 = Release|Any CPU
		{00553D31-089F-4608-A3CB-7F232C85B002}.Debug|Any CPU.ActiveCfg = Debug|Any CPU
		{00553D31-089F-4608-A3CB-7F232C85B002}.Debug|Any CPU.Build.0 = Debug|Any CPU
		{00553D31-089F-4608-A3CB-7F232C85B002}.Release|Any CPU.ActiveCfg = Release|Any CPU
		{00553D31-089F-4608-A3CB-7F232C85B002}.Release|Any CPU.Build.0 = Release|Any CPU
		{EFAE8467-ECC9-4D7A-8C2E-766DEEB189E6}.Debug|Any CPU.ActiveCfg = Debug|Any CPU
		{EFAE8467-ECC9-4D7A-8C2E-766DEEB189E6}.Debug|Any CPU.Build.0 = Debug|Any CPU
		{EFAE8467-ECC9-4D7A-8C2E-766DEEB189E6}.Release|Any CPU.ActiveCfg = Release|Any CPU
		{EFAE8467-ECC9-4D7A-8C2E-766DEEB189E6}.Release|Any CPU.Build.0 = Release|Any CPU
		{DFB26C0F-DCEE-4A38-A530-93BA20EBAAE8}.Debug|Any CPU.ActiveCfg = Debug|Any CPU
		{DFB26C0F-DCEE-4A38-A530-93BA20EBAAE8}.Debug|Any CPU.Build.0 = Debug|Any CPU
		{DFB26C0F-DCEE-4A38-A530-93BA20EBAAE8}.Release|Any CPU.ActiveCfg = Release|Any CPU
		{DFB26C0F-DCEE-4A38-A530-93BA20EBAAE8}.Release|Any CPU.Build.0 = Release|Any CPU
		{8C9B9C16-E92B-4F8B-ABF8-358C4939F970}.Debug|Any CPU.ActiveCfg = Debug|Any CPU
		{8C9B9C16-E92B-4F8B-ABF8-358C4939F970}.Debug|Any CPU.Build.0 = Debug|Any CPU
		{8C9B9C16-E92B-4F8B-ABF8-358C4939F970}.Release|Any CPU.ActiveCfg = Release|Any CPU
		{8C9B9C16-E92B-4F8B-ABF8-358C4939F970}.Release|Any CPU.Build.0 = Release|Any CPU
		{C62C47B5-B03A-494E-AAA8-DB2B7F46C036}.Debug|Any CPU.ActiveCfg = Debug|Any CPU
		{C62C47B5-B03A-494E-AAA8-DB2B7F46C036}.Debug|Any CPU.Build.0 = Debug|Any CPU
		{C62C47B5-B03A-494E-AAA8-DB2B7F46C036}.Release|Any CPU.ActiveCfg = Release|Any CPU
		{C62C47B5-B03A-494E-AAA8-DB2B7F46C036}.Release|Any CPU.Build.0 = Release|Any CPU
		{3F7E671F-DA2C-4A79-A7D2-99E1840F923E}.Debug|Any CPU.ActiveCfg = Debug|Any CPU
		{3F7E671F-DA2C-4A79-A7D2-99E1840F923E}.Debug|Any CPU.Build.0 = Debug|Any CPU
		{3F7E671F-DA2C-4A79-A7D2-99E1840F923E}.Release|Any CPU.ActiveCfg = Release|Any CPU
		{3F7E671F-DA2C-4A79-A7D2-99E1840F923E}.Release|Any CPU.Build.0 = Release|Any CPU
		{AE33BF5D-670E-41D3-A4EC-971502503DB2}.Debug|Any CPU.ActiveCfg = Debug|Any CPU
		{AE33BF5D-670E-41D3-A4EC-971502503DB2}.Debug|Any CPU.Build.0 = Debug|Any CPU
		{AE33BF5D-670E-41D3-A4EC-971502503DB2}.Release|Any CPU.ActiveCfg = Release|Any CPU
		{AE33BF5D-670E-41D3-A4EC-971502503DB2}.Release|Any CPU.Build.0 = Release|Any CPU
		{0D10E55B-3FFF-4FA2-9C05-E9AC57B794A7}.Debug|Any CPU.ActiveCfg = Debug|Any CPU
		{0D10E55B-3FFF-4FA2-9C05-E9AC57B794A7}.Debug|Any CPU.Build.0 = Debug|Any CPU
		{0D10E55B-3FFF-4FA2-9C05-E9AC57B794A7}.Release|Any CPU.ActiveCfg = Release|Any CPU
		{0D10E55B-3FFF-4FA2-9C05-E9AC57B794A7}.Release|Any CPU.Build.0 = Release|Any CPU
		{3F66D112-6AFE-411F-AFD3-56A4208C7D65}.Debug|Any CPU.ActiveCfg = Debug|Any CPU
		{3F66D112-6AFE-411F-AFD3-56A4208C7D65}.Debug|Any CPU.Build.0 = Debug|Any CPU
		{3F66D112-6AFE-411F-AFD3-56A4208C7D65}.Release|Any CPU.ActiveCfg = Release|Any CPU
		{3F66D112-6AFE-411F-AFD3-56A4208C7D65}.Release|Any CPU.Build.0 = Release|Any CPU
		{BBF9CA6A-390F-4682-AD15-6BF766E7520A}.Debug|Any CPU.ActiveCfg = Debug|Any CPU
		{BBF9CA6A-390F-4682-AD15-6BF766E7520A}.Debug|Any CPU.Build.0 = Debug|Any CPU
		{BBF9CA6A-390F-4682-AD15-6BF766E7520A}.Release|Any CPU.ActiveCfg = Release|Any CPU
		{BBF9CA6A-390F-4682-AD15-6BF766E7520A}.Release|Any CPU.Build.0 = Release|Any CPU
		{B9618F54-5B4C-49E8-8113-28B985BEC05B}.Debug|Any CPU.ActiveCfg = Debug|Any CPU
		{B9618F54-5B4C-49E8-8113-28B985BEC05B}.Debug|Any CPU.Build.0 = Debug|Any CPU
		{B9618F54-5B4C-49E8-8113-28B985BEC05B}.Release|Any CPU.ActiveCfg = Release|Any CPU
		{B9618F54-5B4C-49E8-8113-28B985BEC05B}.Release|Any CPU.Build.0 = Release|Any CPU
		{647ABEE2-BA91-45EA-9DCE-EA42171AB655}.Debug|Any CPU.ActiveCfg = Debug|Any CPU
		{647ABEE2-BA91-45EA-9DCE-EA42171AB655}.Debug|Any CPU.Build.0 = Debug|Any CPU
		{647ABEE2-BA91-45EA-9DCE-EA42171AB655}.Release|Any CPU.ActiveCfg = Release|Any CPU
		{647ABEE2-BA91-45EA-9DCE-EA42171AB655}.Release|Any CPU.Build.0 = Release|Any CPU
		{35A9DD7F-D6D7-40AC-A97C-31B4CF190D97}.Debug|Any CPU.ActiveCfg = Debug|Any CPU
		{35A9DD7F-D6D7-40AC-A97C-31B4CF190D97}.Debug|Any CPU.Build.0 = Debug|Any CPU
		{35A9DD7F-D6D7-40AC-A97C-31B4CF190D97}.Release|Any CPU.ActiveCfg = Release|Any CPU
		{35A9DD7F-D6D7-40AC-A97C-31B4CF190D97}.Release|Any CPU.Build.0 = Release|Any CPU
		{4BAB03E3-0966-4944-BAAE-65A33345677B}.Debug|Any CPU.ActiveCfg = Debug|Any CPU
		{4BAB03E3-0966-4944-BAAE-65A33345677B}.Debug|Any CPU.Build.0 = Debug|Any CPU
		{4BAB03E3-0966-4944-BAAE-65A33345677B}.Release|Any CPU.ActiveCfg = Release|Any CPU
		{4BAB03E3-0966-4944-BAAE-65A33345677B}.Release|Any CPU.Build.0 = Release|Any CPU
		{090861E9-7CA8-4A12-A8C7-B5A6AE370FF2}.Debug|Any CPU.ActiveCfg = Debug|Any CPU
		{090861E9-7CA8-4A12-A8C7-B5A6AE370FF2}.Debug|Any CPU.Build.0 = Debug|Any CPU
		{090861E9-7CA8-4A12-A8C7-B5A6AE370FF2}.Release|Any CPU.ActiveCfg = Release|Any CPU
		{090861E9-7CA8-4A12-A8C7-B5A6AE370FF2}.Release|Any CPU.Build.0 = Release|Any CPU
		{B1365225-42B9-4C51-9ED2-FF643AC187BB}.Debug|Any CPU.ActiveCfg = Debug|Any CPU
		{B1365225-42B9-4C51-9ED2-FF643AC187BB}.Debug|Any CPU.Build.0 = Debug|Any CPU
		{B1365225-42B9-4C51-9ED2-FF643AC187BB}.Release|Any CPU.ActiveCfg = Release|Any CPU
		{B1365225-42B9-4C51-9ED2-FF643AC187BB}.Release|Any CPU.Build.0 = Release|Any CPU
		{A9253830-F6DD-4AC8-8C88-2B9CE37F21FA}.Debug|Any CPU.ActiveCfg = Debug|Any CPU
		{A9253830-F6DD-4AC8-8C88-2B9CE37F21FA}.Debug|Any CPU.Build.0 = Debug|Any CPU
		{A9253830-F6DD-4AC8-8C88-2B9CE37F21FA}.Release|Any CPU.ActiveCfg = Release|Any CPU
		{A9253830-F6DD-4AC8-8C88-2B9CE37F21FA}.Release|Any CPU.Build.0 = Release|Any CPU
		{447BF745-77E9-4EA7-AA28-E30A926872D6}.Debug|Any CPU.ActiveCfg = Debug|Any CPU
		{447BF745-77E9-4EA7-AA28-E30A926872D6}.Debug|Any CPU.Build.0 = Debug|Any CPU
		{447BF745-77E9-4EA7-AA28-E30A926872D6}.Release|Any CPU.ActiveCfg = Release|Any CPU
		{447BF745-77E9-4EA7-AA28-E30A926872D6}.Release|Any CPU.Build.0 = Release|Any CPU
	EndGlobalSection
	GlobalSection(SolutionProperties) = preSolution
		HideSolutionNode = FALSE
	EndGlobalSection
	GlobalSection(NestedProjects) = preSolution
		{A5C588C3-5834-4B89-8744-D1F98DD46F50} = {975DE1DC-A33E-4E92-A680-6A3D3D1F2C26}
		{FA382E31-63A0-4646-A5F0-1EA60FFC9533} = {975DE1DC-A33E-4E92-A680-6A3D3D1F2C26}
		{79F956B1-5403-411D-91B0-D3CD64953059} = {975DE1DC-A33E-4E92-A680-6A3D3D1F2C26}
		{95500DA0-6486-43F8-BC07-AC9C7EC86695} = {147F6A1D-6B87-444C-AD6C-9DDDE44F4FEA}
		{644C0EFD-A52E-4E62-B98F-C4A224EEA80B} = {147F6A1D-6B87-444C-AD6C-9DDDE44F4FEA}
		{1A979A68-08C6-4BDC-B5FA-30871801C16D} = {147F6A1D-6B87-444C-AD6C-9DDDE44F4FEA}
		{00553D31-089F-4608-A3CB-7F232C85B002} = {CB294148-9D04-4E4D-A1A3-A734BF9F3F61}
		{EFAE8467-ECC9-4D7A-8C2E-766DEEB189E6} = {CB294148-9D04-4E4D-A1A3-A734BF9F3F61}
		{DFB26C0F-DCEE-4A38-A530-93BA20EBAAE8} = {CB294148-9D04-4E4D-A1A3-A734BF9F3F61}
		{8C9B9C16-E92B-4F8B-ABF8-358C4939F970} = {FDE65BC5-ED4E-4899-8A56-FC8CD7AB5775}
		{C62C47B5-B03A-494E-AAA8-DB2B7F46C036} = {FDE65BC5-ED4E-4899-8A56-FC8CD7AB5775}
		{3F7E671F-DA2C-4A79-A7D2-99E1840F923E} = {FDE65BC5-ED4E-4899-8A56-FC8CD7AB5775}
		{AE33BF5D-670E-41D3-A4EC-971502503DB2} = {EB2F3FEE-15BA-45E1-8701-E9430A157BC5}
		{0D10E55B-3FFF-4FA2-9C05-E9AC57B794A7} = {EB2F3FEE-15BA-45E1-8701-E9430A157BC5}
		{3F66D112-6AFE-411F-AFD3-56A4208C7D65} = {EB2F3FEE-15BA-45E1-8701-E9430A157BC5}
		{BBF9CA6A-390F-4682-AD15-6BF766E7520A} = {0FD06796-02F1-4DF1-AD47-0E2A97F7176F}
		{B9618F54-5B4C-49E8-8113-28B985BEC05B} = {0FD06796-02F1-4DF1-AD47-0E2A97F7176F}
		{647ABEE2-BA91-45EA-9DCE-EA42171AB655} = {0FD06796-02F1-4DF1-AD47-0E2A97F7176F}
		{35A9DD7F-D6D7-40AC-A97C-31B4CF190D97} = {CF8380AE-F44F-4BA2-945A-EC82A7E8CB72}
		{4BAB03E3-0966-4944-BAAE-65A33345677B} = {CF8380AE-F44F-4BA2-945A-EC82A7E8CB72}
		{090861E9-7CA8-4A12-A8C7-B5A6AE370FF2} = {CF8380AE-F44F-4BA2-945A-EC82A7E8CB72}
		{B1365225-42B9-4C51-9ED2-FF643AC187BB} = {23901905-AB97-409C-8C20-1EAFF720806D}
		{A9253830-F6DD-4AC8-8C88-2B9CE37F21FA} = {23901905-AB97-409C-8C20-1EAFF720806D}
		{447BF745-77E9-4EA7-AA28-E30A926872D6} = {23901905-AB97-409C-8C20-1EAFF720806D}
	EndGlobalSection
	GlobalSection(ExtensibilityGlobals) = postSolution
		SolutionGuid = {DF31A27B-91CD-45A8-AFA6-95637C4ADA15}
	EndGlobalSection
EndGlobal
